
Microsoft Visual Studio Solution File, Format Version 12.00
# Visual Studio Version 17
VisualStudioVersion = 17.3.32825.248
MinimumVisualStudioVersion = 10.0.40219.1
Project("{9A19103F-16F7-4668-BE54-9A1E7A4F7556}") = "WinFormsLibrary", "WinFormsLibrary\WinFormsLibrary.csproj", "{51C49950-55F9-4A62-805E-0BC7851AE123}"
EndProject
Project("{9A19103F-16F7-4668-BE54-9A1E7A4F7556}") = "WinFormsApp", "WinFormsApp\WinFormsApp.csproj", "{21E054E4-DEDA-4781-A549-4AF6D7F4572B}"
EndProject
Project("{FAE04EC0-301F-11D3-BF4B-00C04F79EFBC}") = "DataBase", "DataBaseImplements\DataBase.csproj", "{0EFF77CD-7241-40B6-A3D4-05FAFFCFF533}"
EndProject
Project("{FAE04EC0-301F-11D3-BF4B-00C04F79EFBC}") = "DataModels", "DataModels\DataModels.csproj", "{CDAF244F-FA20-466A-90F9-79D71B8BED8B}"
EndProject
Project("{FAE04EC0-301F-11D3-BF4B-00C04F79EFBC}") = "Contracts", "Contracts\Contracts.csproj", "{981CC1B3-09AA-43CA-8175-38099C1B43A0}"
EndProject
Project("{FAE04EC0-301F-11D3-BF4B-00C04F79EFBC}") = "BusinessLogic", "BusinessLogic\BusinessLogic.csproj", "{A1E40B8C-9D42-418A-8639-5EA76B7C5714}"
EndProject
Global
	GlobalSection(SolutionConfigurationPlatforms) = preSolution
		Debug|Any CPU = Debug|Any CPU
		Release|Any CPU = Release|Any CPU
	EndGlobalSection
	GlobalSection(ProjectConfigurationPlatforms) = postSolution
		{51C49950-55F9-4A62-805E-0BC7851AE123}.Debug|Any CPU.ActiveCfg = Debug|Any CPU
		{51C49950-55F9-4A62-805E-0BC7851AE123}.Debug|Any CPU.Build.0 = Debug|Any CPU
		{51C49950-55F9-4A62-805E-0BC7851AE123}.Release|Any CPU.ActiveCfg = Release|Any CPU
		{51C49950-55F9-4A62-805E-0BC7851AE123}.Release|Any CPU.Build.0 = Release|Any CPU
		{21E054E4-DEDA-4781-A549-4AF6D7F4572B}.Debug|Any CPU.ActiveCfg = Debug|Any CPU
		{21E054E4-DEDA-4781-A549-4AF6D7F4572B}.Debug|Any CPU.Build.0 = Debug|Any CPU
		{21E054E4-DEDA-4781-A549-4AF6D7F4572B}.Release|Any CPU.ActiveCfg = Release|Any CPU
		{21E054E4-DEDA-4781-A549-4AF6D7F4572B}.Release|Any CPU.Build.0 = Release|Any CPU
		{0EFF77CD-7241-40B6-A3D4-05FAFFCFF533}.Debug|Any CPU.ActiveCfg = Debug|Any CPU
		{0EFF77CD-7241-40B6-A3D4-05FAFFCFF533}.Debug|Any CPU.Build.0 = Debug|Any CPU
		{0EFF77CD-7241-40B6-A3D4-05FAFFCFF533}.Release|Any CPU.ActiveCfg = Release|Any CPU
		{0EFF77CD-7241-40B6-A3D4-05FAFFCFF533}.Release|Any CPU.Build.0 = Release|Any CPU
		{CDAF244F-FA20-466A-90F9-79D71B8BED8B}.Debug|Any CPU.ActiveCfg = Debug|Any CPU
		{CDAF244F-FA20-466A-90F9-79D71B8BED8B}.Debug|Any CPU.Build.0 = Debug|Any CPU
		{CDAF244F-FA20-466A-90F9-79D71B8BED8B}.Release|Any CPU.ActiveCfg = Release|Any CPU
		{CDAF244F-FA20-466A-90F9-79D71B8BED8B}.Release|Any CPU.Build.0 = Release|Any CPU
		{981CC1B3-09AA-43CA-8175-38099C1B43A0}.Debug|Any CPU.ActiveCfg = Debug|Any CPU
		{981CC1B3-09AA-43CA-8175-38099C1B43A0}.Debug|Any CPU.Build.0 = Debug|Any CPU
		{981CC1B3-09AA-43CA-8175-38099C1B43A0}.Release|Any CPU.ActiveCfg = Release|Any CPU
		{981CC1B3-09AA-43CA-8175-38099C1B43A0}.Release|Any CPU.Build.0 = Release|Any CPU
		{A1E40B8C-9D42-418A-8639-5EA76B7C5714}.Debug|Any CPU.ActiveCfg = Debug|Any CPU
		{A1E40B8C-9D42-418A-8639-5EA76B7C5714}.Debug|Any CPU.Build.0 = Debug|Any CPU
		{A1E40B8C-9D42-418A-8639-5EA76B7C5714}.Release|Any CPU.ActiveCfg = Release|Any CPU
		{A1E40B8C-9D42-418A-8639-5EA76B7C5714}.Release|Any CPU.Build.0 = Release|Any CPU
	EndGlobalSection
	GlobalSection(SolutionProperties) = preSolution
		HideSolutionNode = FALSE
	EndGlobalSection
	GlobalSection(ExtensibilityGlobals) = postSolution
		SolutionGuid = {997B84D6-C9F2-41A8-ACE9-25BFD002A186}
	EndGlobalSection
EndGlobal
